
Microsoft Visual Studio Solution File, Format Version 12.00
# Visual Studio Version 17
VisualStudioVersion = 17.9.34723.18
MinimumVisualStudioVersion = 10.0.40219.1
Project("{8BC9CEB8-8B4A-11D0-8D11-00A0C91BC942}") = "lesson_00", "lesson_00\lesson_00.vcxproj", "{25C028E5-7BF7-451B-AA5D-BF0AE8A4B61C}"
EndProject
Project("{8BC9CEB8-8B4A-11D0-8D11-00A0C91BC942}") = "lesson_01", "lesson_01\lesson_01.vcxproj", "{8C613940-EBB1-42A4-8808-2B9338430E55}"
EndProject
Project("{8BC9CEB8-8B4A-11D0-8D11-00A0C91BC942}") = "lesson_02", "lesson_02\lesson_02.vcxproj", "{8413BD77-643F-48F3-A79D-42AAAECFA151}"
EndProject
Project("{8BC9CEB8-8B4A-11D0-8D11-00A0C91BC942}") = "lesson_04", "lesson_04\lesson_04.vcxproj", "{56FD77F4-FB3A-4776-881E-1ACDBCAEC702}"
EndProject
Project("{8BC9CEB8-8B4A-11D0-8D11-00A0C91BC942}") = "lesson_03", "lesson_03\lesson_03.vcxproj", "{592D2012-F6F4-4307-A7A6-0A1FB9D2BB4E}"
EndProject
Project("{8BC9CEB8-8B4A-11D0-8D11-00A0C91BC942}") = "lesson_05", "lesson_05\lesson_05.vcxproj", "{D297539E-2EEC-4FEC-B0BC-19EEAF89003B}"
EndProject
Project("{8BC9CEB8-8B4A-11D0-8D11-00A0C91BC942}") = "lesson_06", "lesson_06\lesson_06.vcxproj", "{26D4ECAF-201A-4CD4-8D1B-69EDCDE4561D}"
EndProject
Project("{8BC9CEB8-8B4A-11D0-8D11-00A0C91BC942}") = "lesson_07", "lesson_07\lesson_07.vcxproj", "{06E8B5A9-5C33-45B6-8B29-C9A5D4D8C1D1}"
EndProject
Project("{8BC9CEB8-8B4A-11D0-8D11-00A0C91BC942}") = "lesson_08", "lesson_08\lesson_08.vcxproj", "{FA71768D-96EB-471D-90D8-5C85E2AFAD5D}"
EndProject
Project("{8BC9CEB8-8B4A-11D0-8D11-00A0C91BC942}") = "lesson_09", "lesson_09\lesson_09.vcxproj", "{88F75B0B-998C-42EB-94D1-6F64ECE0CDBF}"
EndProject
Project("{8BC9CEB8-8B4A-11D0-8D11-00A0C91BC942}") = "lesson_10", "lesson_10\lesson_10.vcxproj", "{B49C05E0-A545-4ADA-A830-3B4CE5BF8715}"
EndProject
Project("{8BC9CEB8-8B4A-11D0-8D11-00A0C91BC942}") = "lesson_11", "lesson_11\lesson_11.vcxproj", "{D1E3A458-4341-44B8-A014-74198FC734C5}"
EndProject
Project("{8BC9CEB8-8B4A-11D0-8D11-00A0C91BC942}") = "lesson_12", "lesson_12\lesson_12.vcxproj", "{8148F0B2-A983-4C7A-85D5-3E897E49AAED}"
EndProject
Global
	GlobalSection(SolutionConfigurationPlatforms) = preSolution
		Debug|x64 = Debug|x64
		Debug|x86 = Debug|x86
		Release|x64 = Release|x64
		Release|x86 = Release|x86
	EndGlobalSection
	GlobalSection(ProjectConfigurationPlatforms) = postSolution
		{25C028E5-7BF7-451B-AA5D-BF0AE8A4B61C}.Debug|x64.ActiveCfg = Debug|x64
		{25C028E5-7BF7-451B-AA5D-BF0AE8A4B61C}.Debug|x64.Build.0 = Debug|x64
		{25C028E5-7BF7-451B-AA5D-BF0AE8A4B61C}.Debug|x86.ActiveCfg = Debug|Win32
		{25C028E5-7BF7-451B-AA5D-BF0AE8A4B61C}.Debug|x86.Build.0 = Debug|Win32
		{25C028E5-7BF7-451B-AA5D-BF0AE8A4B61C}.Release|x64.ActiveCfg = Release|x64
		{25C028E5-7BF7-451B-AA5D-BF0AE8A4B61C}.Release|x64.Build.0 = Release|x64
		{25C028E5-7BF7-451B-AA5D-BF0AE8A4B61C}.Release|x86.ActiveCfg = Release|Win32
		{25C028E5-7BF7-451B-AA5D-BF0AE8A4B61C}.Release|x86.Build.0 = Release|Win32
		{8C613940-EBB1-42A4-8808-2B9338430E55}.Debug|x64.ActiveCfg = Debug|x64
		{8C613940-EBB1-42A4-8808-2B9338430E55}.Debug|x64.Build.0 = Debug|x64
		{8C613940-EBB1-42A4-8808-2B9338430E55}.Debug|x86.ActiveCfg = Debug|Win32
		{8C613940-EBB1-42A4-8808-2B9338430E55}.Debug|x86.Build.0 = Debug|Win32
		{8C613940-EBB1-42A4-8808-2B9338430E55}.Release|x64.ActiveCfg = Release|x64
		{8C613940-EBB1-42A4-8808-2B9338430E55}.Release|x64.Build.0 = Release|x64
		{8C613940-EBB1-42A4-8808-2B9338430E55}.Release|x86.ActiveCfg = Release|Win32
		{8C613940-EBB1-42A4-8808-2B9338430E55}.Release|x86.Build.0 = Release|Win32
		{8413BD77-643F-48F3-A79D-42AAAECFA151}.Debug|x64.ActiveCfg = Debug|x64
		{8413BD77-643F-48F3-A79D-42AAAECFA151}.Debug|x64.Build.0 = Debug|x64
		{8413BD77-643F-48F3-A79D-42AAAECFA151}.Debug|x86.ActiveCfg = Debug|Win32
		{8413BD77-643F-48F3-A79D-42AAAECFA151}.Debug|x86.Build.0 = Debug|Win32
		{8413BD77-643F-48F3-A79D-42AAAECFA151}.Release|x64.ActiveCfg = Release|x64
		{8413BD77-643F-48F3-A79D-42AAAECFA151}.Release|x64.Build.0 = Release|x64
		{8413BD77-643F-48F3-A79D-42AAAECFA151}.Release|x86.ActiveCfg = Release|Win32
		{8413BD77-643F-48F3-A79D-42AAAECFA151}.Release|x86.Build.0 = Release|Win32
		{56FD77F4-FB3A-4776-881E-1ACDBCAEC702}.Debug|x64.ActiveCfg = Debug|x64
		{56FD77F4-FB3A-4776-881E-1ACDBCAEC702}.Debug|x64.Build.0 = Debug|x64
		{56FD77F4-FB3A-4776-881E-1ACDBCAEC702}.Debug|x86.ActiveCfg = Debug|Win32
		{56FD77F4-FB3A-4776-881E-1ACDBCAEC702}.Debug|x86.Build.0 = Debug|Win32
		{56FD77F4-FB3A-4776-881E-1ACDBCAEC702}.Release|x64.ActiveCfg = Release|x64
		{56FD77F4-FB3A-4776-881E-1ACDBCAEC702}.Release|x64.Build.0 = Release|x64
		{56FD77F4-FB3A-4776-881E-1ACDBCAEC702}.Release|x86.ActiveCfg = Release|Win32
		{56FD77F4-FB3A-4776-881E-1ACDBCAEC702}.Release|x86.Build.0 = Release|Win32
		{592D2012-F6F4-4307-A7A6-0A1FB9D2BB4E}.Debug|x64.ActiveCfg = Debug|x64
		{592D2012-F6F4-4307-A7A6-0A1FB9D2BB4E}.Debug|x64.Build.0 = Debug|x64
		{592D2012-F6F4-4307-A7A6-0A1FB9D2BB4E}.Debug|x86.ActiveCfg = Debug|Win32
		{592D2012-F6F4-4307-A7A6-0A1FB9D2BB4E}.Debug|x86.Build.0 = Debug|Win32
		{592D2012-F6F4-4307-A7A6-0A1FB9D2BB4E}.Release|x64.ActiveCfg = Release|x64
		{592D2012-F6F4-4307-A7A6-0A1FB9D2BB4E}.Release|x64.Build.0 = Release|x64
		{592D2012-F6F4-4307-A7A6-0A1FB9D2BB4E}.Release|x86.ActiveCfg = Release|Win32
		{592D2012-F6F4-4307-A7A6-0A1FB9D2BB4E}.Release|x86.Build.0 = Release|Win32
		{D297539E-2EEC-4FEC-B0BC-19EEAF89003B}.Debug|x64.ActiveCfg = Debug|x64
		{D297539E-2EEC-4FEC-B0BC-19EEAF89003B}.Debug|x64.Build.0 = Debug|x64
		{D297539E-2EEC-4FEC-B0BC-19EEAF89003B}.Debug|x86.ActiveCfg = Debug|Win32
		{D297539E-2EEC-4FEC-B0BC-19EEAF89003B}.Debug|x86.Build.0 = Debug|Win32
		{D297539E-2EEC-4FEC-B0BC-19EEAF89003B}.Release|x64.ActiveCfg = Release|x64
		{D297539E-2EEC-4FEC-B0BC-19EEAF89003B}.Release|x64.Build.0 = Release|x64
		{D297539E-2EEC-4FEC-B0BC-19EEAF89003B}.Release|x86.ActiveCfg = Release|Win32
		{D297539E-2EEC-4FEC-B0BC-19EEAF89003B}.Release|x86.Build.0 = Release|Win32
		{26D4ECAF-201A-4CD4-8D1B-69EDCDE4561D}.Debug|x64.ActiveCfg = Debug|x64
		{26D4ECAF-201A-4CD4-8D1B-69EDCDE4561D}.Debug|x64.Build.0 = Debug|x64
		{26D4ECAF-201A-4CD4-8D1B-69EDCDE4561D}.Debug|x86.ActiveCfg = Debug|Win32
		{26D4ECAF-201A-4CD4-8D1B-69EDCDE4561D}.Debug|x86.Build.0 = Debug|Win32
		{26D4ECAF-201A-4CD4-8D1B-69EDCDE4561D}.Release|x64.ActiveCfg = Release|x64
		{26D4ECAF-201A-4CD4-8D1B-69EDCDE4561D}.Release|x64.Build.0 = Release|x64
		{26D4ECAF-201A-4CD4-8D1B-69EDCDE4561D}.Release|x86.ActiveCfg = Release|Win32
		{26D4ECAF-201A-4CD4-8D1B-69EDCDE4561D}.Release|x86.Build.0 = Release|Win32
		{06E8B5A9-5C33-45B6-8B29-C9A5D4D8C1D1}.Debug|x64.ActiveCfg = Debug|x64
		{06E8B5A9-5C33-45B6-8B29-C9A5D4D8C1D1}.Debug|x64.Build.0 = Debug|x64
		{06E8B5A9-5C33-45B6-8B29-C9A5D4D8C1D1}.Debug|x86.ActiveCfg = Debug|Win32
		{06E8B5A9-5C33-45B6-8B29-C9A5D4D8C1D1}.Debug|x86.Build.0 = Debug|Win32
		{06E8B5A9-5C33-45B6-8B29-C9A5D4D8C1D1}.Release|x64.ActiveCfg = Release|x64
		{06E8B5A9-5C33-45B6-8B29-C9A5D4D8C1D1}.Release|x64.Build.0 = Release|x64
		{06E8B5A9-5C33-45B6-8B29-C9A5D4D8C1D1}.Release|x86.ActiveCfg = Release|Win32
		{06E8B5A9-5C33-45B6-8B29-C9A5D4D8C1D1}.Release|x86.Build.0 = Release|Win32
		{FA71768D-96EB-471D-90D8-5C85E2AFAD5D}.Debug|x64.ActiveCfg = Debug|x64
		{FA71768D-96EB-471D-90D8-5C85E2AFAD5D}.Debug|x64.Build.0 = Debug|x64
		{FA71768D-96EB-471D-90D8-5C85E2AFAD5D}.Debug|x86.ActiveCfg = Debug|Win32
		{FA71768D-96EB-471D-90D8-5C85E2AFAD5D}.Debug|x86.Build.0 = Debug|Win32
		{FA71768D-96EB-471D-90D8-5C85E2AFAD5D}.Release|x64.ActiveCfg = Release|x64
		{FA71768D-96EB-471D-90D8-5C85E2AFAD5D}.Release|x64.Build.0 = Release|x64
		{FA71768D-96EB-471D-90D8-5C85E2AFAD5D}.Release|x86.ActiveCfg = Release|Win32
		{FA71768D-96EB-471D-90D8-5C85E2AFAD5D}.Release|x86.Build.0 = Release|Win32
		{88F75B0B-998C-42EB-94D1-6F64ECE0CDBF}.Debug|x64.ActiveCfg = Debug|x64
		{88F75B0B-998C-42EB-94D1-6F64ECE0CDBF}.Debug|x64.Build.0 = Debug|x64
		{88F75B0B-998C-42EB-94D1-6F64ECE0CDBF}.Debug|x86.ActiveCfg = Debug|Win32
		{88F75B0B-998C-42EB-94D1-6F64ECE0CDBF}.Debug|x86.Build.0 = Debug|Win32
		{88F75B0B-998C-42EB-94D1-6F64ECE0CDBF}.Release|x64.ActiveCfg = Release|x64
		{88F75B0B-998C-42EB-94D1-6F64ECE0CDBF}.Release|x64.Build.0 = Release|x64
		{88F75B0B-998C-42EB-94D1-6F64ECE0CDBF}.Release|x86.ActiveCfg = Release|Win32
		{88F75B0B-998C-42EB-94D1-6F64ECE0CDBF}.Release|x86.Build.0 = Release|Win32
		{B49C05E0-A545-4ADA-A830-3B4CE5BF8715}.Debug|x64.ActiveCfg = Debug|x64
		{B49C05E0-A545-4ADA-A830-3B4CE5BF8715}.Debug|x64.Build.0 = Debug|x64
		{B49C05E0-A545-4ADA-A830-3B4CE5BF8715}.Debug|x86.ActiveCfg = Debug|Win32
		{B49C05E0-A545-4ADA-A830-3B4CE5BF8715}.Debug|x86.Build.0 = Debug|Win32
		{B49C05E0-A545-4ADA-A830-3B4CE5BF8715}.Release|x64.ActiveCfg = Release|x64
		{B49C05E0-A545-4ADA-A830-3B4CE5BF8715}.Release|x64.Build.0 = Release|x64
		{B49C05E0-A545-4ADA-A830-3B4CE5BF8715}.Release|x86.ActiveCfg = Release|Win32
		{B49C05E0-A545-4ADA-A830-3B4CE5BF8715}.Release|x86.Build.0 = Release|Win32
		{D1E3A458-4341-44B8-A014-74198FC734C5}.Debug|x64.ActiveCfg = Debug|x64
		{D1E3A458-4341-44B8-A014-74198FC734C5}.Debug|x64.Build.0 = Debug|x64
		{D1E3A458-4341-44B8-A014-74198FC734C5}.Debug|x86.ActiveCfg = Debug|Win32
		{D1E3A458-4341-44B8-A014-74198FC734C5}.Debug|x86.Build.0 = Debug|Win32
		{D1E3A458-4341-44B8-A014-74198FC734C5}.Release|x64.ActiveCfg = Release|x64
		{D1E3A458-4341-44B8-A014-74198FC734C5}.Release|x64.Build.0 = Release|x64
		{D1E3A458-4341-44B8-A014-74198FC734C5}.Release|x86.ActiveCfg = Release|Win32
		{D1E3A458-4341-44B8-A014-74198FC734C5}.Release|x86.Build.0 = Release|Win32
		{8148F0B2-A983-4C7A-85D5-3E897E49AAED}.Debug|x64.ActiveCfg = Debug|x64
		{8148F0B2-A983-4C7A-85D5-3E897E49AAED}.Debug|x64.Build.0 = Debug|x64
		{8148F0B2-A983-4C7A-85D5-3E897E49AAED}.Debug|x86.ActiveCfg = Debug|Win32
		{8148F0B2-A983-4C7A-85D5-3E897E49AAED}.Debug|x86.Build.0 = Debug|Win32
		{8148F0B2-A983-4C7A-85D5-3E897E49AAED}.Release|x64.ActiveCfg = Release|x64
		{8148F0B2-A983-4C7A-85D5-3E897E49AAED}.Release|x64.Build.0 = Release|x64
		{8148F0B2-A983-4C7A-85D5-3E897E49AAED}.Release|x86.ActiveCfg = Release|Win32
		{8148F0B2-A983-4C7A-85D5-3E897E49AAED}.Release|x86.Build.0 = Release|Win32
	EndGlobalSection
	GlobalSection(SolutionProperties) = preSolution
		HideSolutionNode = FALSE
	EndGlobalSection
	GlobalSection(ExtensibilityGlobals) = postSolution
		SolutionGuid = {15ADD351-14E8-4AEE-9565-C5D51D3E6233}
	EndGlobalSection
EndGlobal
